
Microsoft Visual Studio Solution File, Format Version 12.00
# Visual Studio 2012
Project("{f2a71f9b-5d33-465a-a702-920d77279786}") = "StockTicker", "StockTicker.fsproj", "{C54DD332-A85E-426F-B485-2758734D89B0}"
EndProject
Global
	GlobalSection(SolutionConfigurationPlatforms) = preSolution
		Debug|iPhoneSimulator = Debug|iPhoneSimulator
		Release|iPhoneSimulator = Release|iPhoneSimulator
		Debug|iPhone = Debug|iPhone
		Release|iPhone = Release|iPhone
		Ad-Hoc|iPhone = Ad-Hoc|iPhone
		AppStore|iPhone = AppStore|iPhone
	EndGlobalSection
	GlobalSection(ProjectConfigurationPlatforms) = postSolution
		{C54DD332-A85E-426F-B485-2758734D89B0}.Ad-Hoc|iPhone.ActiveCfg = Ad-Hoc|iPhone
		{C54DD332-A85E-426F-B485-2758734D89B0}.Ad-Hoc|iPhone.Build.0 = Ad-Hoc|iPhone
		{C54DD332-A85E-426F-B485-2758734D89B0}.AppStore|iPhone.ActiveCfg = AppStore|iPhone
		{C54DD332-A85E-426F-B485-2758734D89B0}.AppStore|iPhone.Build.0 = AppStore|iPhone
		{C54DD332-A85E-426F-B485-2758734D89B0}.Debug|iPhone.ActiveCfg = Debug|iPhone
		{C54DD332-A85E-426F-B485-2758734D89B0}.Debug|iPhone.Build.0 = Debug|iPhone
		{C54DD332-A85E-426F-B485-2758734D89B0}.Debug|iPhoneSimulator.ActiveCfg = Debug|iPhoneSimulator
		{C54DD332-A85E-426F-B485-2758734D89B0}.Debug|iPhoneSimulator.Build.0 = Debug|iPhoneSimulator
		{C54DD332-A85E-426F-B485-2758734D89B0}.Release|iPhone.ActiveCfg = Release|iPhone
		{C54DD332-A85E-426F-B485-2758734D89B0}.Release|iPhone.Build.0 = Release|iPhone
		{C54DD332-A85E-426F-B485-2758734D89B0}.Release|iPhoneSimulator.ActiveCfg = Release|iPhoneSimulator
		{C54DD332-A85E-426F-B485-2758734D89B0}.Release|iPhoneSimulator.Build.0 = Release|iPhoneSimulator
	EndGlobalSection
	GlobalSection(MonoDevelopProperties) = preSolution
		StartupItem = StockTicker.fsproj
	EndGlobalSection
EndGlobal
