
Microsoft Visual Studio Solution File, Format Version 12.00
# Visual Studio 2012
VisualStudioVersion = 12.0.30501.0
MinimumVisualStudioVersion = 10.0.40219.1
Project("{f2a71f9b-5d33-465a-a702-920d77279786}") = "Intro", "Intro\Intro.fsproj", "{32BA04AC-08C1-468B-8E1D-9D0E16B66B7B}"
EndProject
Project("{f2a71f9b-5d33-465a-a702-920d77279786}") = "Scanner", "Scanner\Scanner.fsproj", "{154AE3C9-F7D7-4A49-813D-9D9E726601B4}"
EndProject
Project("{f2a71f9b-5d33-465a-a702-920d77279786}") = "Replier", "Replier\Replier.fsproj", "{4B073845-A8A7-486D-AFB3-4B4AC2BE6CCD}"
EndProject
Project("{f2a71f9b-5d33-465a-a702-920d77279786}") = "Emailer", "Emailer\Emailer.fsproj", "{165023B9-C2F3-44D1-9570-1695039E3F8B}"
EndProject
Global
	GlobalSection(SolutionConfigurationPlatforms) = preSolution
		Debug|Any CPU = Debug|Any CPU
		Release|Any CPU = Release|Any CPU
	EndGlobalSection
	GlobalSection(ProjectConfigurationPlatforms) = postSolution
		{154AE3C9-F7D7-4A49-813D-9D9E726601B4}.Debug|Any CPU.ActiveCfg = Debug|Any CPU
		{154AE3C9-F7D7-4A49-813D-9D9E726601B4}.Debug|Any CPU.Build.0 = Debug|Any CPU
		{154AE3C9-F7D7-4A49-813D-9D9E726601B4}.Release|Any CPU.ActiveCfg = Release|Any CPU
		{154AE3C9-F7D7-4A49-813D-9D9E726601B4}.Release|Any CPU.Build.0 = Release|Any CPU
		{165023B9-C2F3-44D1-9570-1695039E3F8B}.Debug|Any CPU.ActiveCfg = Debug|Any CPU
		{165023B9-C2F3-44D1-9570-1695039E3F8B}.Debug|Any CPU.Build.0 = Debug|Any CPU
		{165023B9-C2F3-44D1-9570-1695039E3F8B}.Release|Any CPU.ActiveCfg = Release|Any CPU
		{165023B9-C2F3-44D1-9570-1695039E3F8B}.Release|Any CPU.Build.0 = Release|Any CPU
		{32BA04AC-08C1-468B-8E1D-9D0E16B66B7B}.Debug|Any CPU.ActiveCfg = Debug|Any CPU
		{32BA04AC-08C1-468B-8E1D-9D0E16B66B7B}.Debug|Any CPU.Build.0 = Debug|Any CPU
		{32BA04AC-08C1-468B-8E1D-9D0E16B66B7B}.Release|Any CPU.ActiveCfg = Release|Any CPU
		{32BA04AC-08C1-468B-8E1D-9D0E16B66B7B}.Release|Any CPU.Build.0 = Release|Any CPU
		{4B073845-A8A7-486D-AFB3-4B4AC2BE6CCD}.Debug|Any CPU.ActiveCfg = Debug|Any CPU
		{4B073845-A8A7-486D-AFB3-4B4AC2BE6CCD}.Debug|Any CPU.Build.0 = Debug|Any CPU
		{4B073845-A8A7-486D-AFB3-4B4AC2BE6CCD}.Release|Any CPU.ActiveCfg = Release|Any CPU
		{4B073845-A8A7-486D-AFB3-4B4AC2BE6CCD}.Release|Any CPU.Build.0 = Release|Any CPU
	EndGlobalSection
	GlobalSection(MonoDevelopProperties) = preSolution
		StartupItem = Emailer\Emailer.fsproj
	EndGlobalSection
	GlobalSection(SolutionProperties) = preSolution
		HideSolutionNode = FALSE
	EndGlobalSection
EndGlobal
