
Microsoft Visual Studio Solution File, Format Version 12.00
# Visual Studio 2012
Project("{4925A630-B079-445d-BCD4-3A9C94FE9307}") = "Tasky", "Tasky.fsproj", "{662C35B7-2A6F-4CD1-8AA1-7F00ECA47B92}"
EndProject
Global
	GlobalSection(SolutionConfigurationPlatforms) = preSolution
		Debug|iPhoneSimulator = Debug|iPhoneSimulator
		Release|iPhoneSimulator = Release|iPhoneSimulator
		Debug|iPhone = Debug|iPhone
		Release|iPhone = Release|iPhone
		Ad-Hoc|iPhone = Ad-Hoc|iPhone
		AppStore|iPhone = AppStore|iPhone
	EndGlobalSection
	GlobalSection(ProjectConfigurationPlatforms) = postSolution
		{662C35B7-2A6F-4CD1-8AA1-7F00ECA47B92}.Ad-Hoc|iPhone.ActiveCfg = Ad-Hoc|iPhone
		{662C35B7-2A6F-4CD1-8AA1-7F00ECA47B92}.Ad-Hoc|iPhone.Build.0 = Ad-Hoc|iPhone
		{662C35B7-2A6F-4CD1-8AA1-7F00ECA47B92}.AppStore|iPhone.ActiveCfg = AppStore|iPhone
		{662C35B7-2A6F-4CD1-8AA1-7F00ECA47B92}.AppStore|iPhone.Build.0 = AppStore|iPhone
		{662C35B7-2A6F-4CD1-8AA1-7F00ECA47B92}.Debug|iPhone.ActiveCfg = Debug|iPhone
		{662C35B7-2A6F-4CD1-8AA1-7F00ECA47B92}.Debug|iPhone.Build.0 = Debug|iPhone
		{662C35B7-2A6F-4CD1-8AA1-7F00ECA47B92}.Debug|iPhoneSimulator.ActiveCfg = Debug|iPhoneSimulator
		{662C35B7-2A6F-4CD1-8AA1-7F00ECA47B92}.Debug|iPhoneSimulator.Build.0 = Debug|iPhoneSimulator
		{662C35B7-2A6F-4CD1-8AA1-7F00ECA47B92}.Release|iPhone.ActiveCfg = Release|iPhone
		{662C35B7-2A6F-4CD1-8AA1-7F00ECA47B92}.Release|iPhone.Build.0 = Release|iPhone
		{662C35B7-2A6F-4CD1-8AA1-7F00ECA47B92}.Release|iPhoneSimulator.ActiveCfg = Release|iPhoneSimulator
		{662C35B7-2A6F-4CD1-8AA1-7F00ECA47B92}.Release|iPhoneSimulator.Build.0 = Release|iPhoneSimulator
	EndGlobalSection
	GlobalSection(MonoDevelopProperties) = preSolution
		StartupItem = Tasky.fsproj
	EndGlobalSection
EndGlobal
